// !$*UTF8*$!
{
	archiveVersion = 1;
	classes = {
	};
	objectVersion = 50;
	objects = {

/* Begin PBXBuildFile section */
		6E7E6C33260BC4010067C094 /* SignupView.swift in Sources */ = {isa = PBXBuildFile; fileRef = 6E7E6C32260BC4010067C094 /* SignupView.swift */; };
		6E7E6C3B260BE35B0067C094 /* LoginView.swift in Sources */ = {isa = PBXBuildFile; fileRef = 6E7E6C3A260BE35B0067C094 /* LoginView.swift */; };
		6EACC71E2609771F009D2067 /* BaristaBrosiOSApp.swift in Sources */ = {isa = PBXBuildFile; fileRef = 6EACC71D2609771F009D2067 /* BaristaBrosiOSApp.swift */; };
		6EACC7202609771F009D2067 /* ContentView.swift in Sources */ = {isa = PBXBuildFile; fileRef = 6EACC71F2609771F009D2067 /* ContentView.swift */; };
		6EACC72226097726009D2067 /* Assets.xcassets in Resources */ = {isa = PBXBuildFile; fileRef = 6EACC72126097726009D2067 /* Assets.xcassets */; };
		6EACC72526097726009D2067 /* Preview Assets.xcassets in Resources */ = {isa = PBXBuildFile; fileRef = 6EACC72426097726009D2067 /* Preview Assets.xcassets */; };
		6EACC73026097727009D2067 /* BaristaBrosiOSTests.swift in Sources */ = {isa = PBXBuildFile; fileRef = 6EACC72F26097727009D2067 /* BaristaBrosiOSTests.swift */; };
		6EACC73B26097727009D2067 /* BaristaBrosiOSUITests.swift in Sources */ = {isa = PBXBuildFile; fileRef = 6EACC73A26097727009D2067 /* BaristaBrosiOSUITests.swift */; };
		76288F91260B93BD00E97A87 /* Model.xcdatamodeld in Sources */ = {isa = PBXBuildFile; fileRef = 76288F8F260B93BD00E97A87 /* Model.xcdatamodeld */; };
/* End PBXBuildFile section */

/* Begin PBXContainerItemProxy section */
		6EACC72C26097727009D2067 /* PBXContainerItemProxy */ = {
			isa = PBXContainerItemProxy;
			containerPortal = 6EACC7122609771F009D2067 /* Project object */;
			proxyType = 1;
			remoteGlobalIDString = 6EACC7192609771F009D2067;
			remoteInfo = BaristaBrosiOS;
		};
		6EACC73726097727009D2067 /* PBXContainerItemProxy */ = {
			isa = PBXContainerItemProxy;
			containerPortal = 6EACC7122609771F009D2067 /* Project object */;
			proxyType = 1;
			remoteGlobalIDString = 6EACC7192609771F009D2067;
			remoteInfo = BaristaBrosiOS;
		};
/* End PBXContainerItemProxy section */

/* Begin PBXFileReference section */
		6E7E6C32260BC4010067C094 /* SignupView.swift */ = {isa = PBXFileReference; lastKnownFileType = sourcecode.swift; path = SignupView.swift; sourceTree = "<group>"; };
		6E7E6C3A260BE35B0067C094 /* LoginView.swift */ = {isa = PBXFileReference; lastKnownFileType = sourcecode.swift; path = LoginView.swift; sourceTree = "<group>"; };
		6EACC71A2609771F009D2067 /* BaristaBrosiOS.app */ = {isa = PBXFileReference; explicitFileType = wrapper.application; includeInIndex = 0; path = BaristaBrosiOS.app; sourceTree = BUILT_PRODUCTS_DIR; };
		6EACC71D2609771F009D2067 /* BaristaBrosiOSApp.swift */ = {isa = PBXFileReference; lastKnownFileType = sourcecode.swift; path = BaristaBrosiOSApp.swift; sourceTree = "<group>"; };
		6EACC71F2609771F009D2067 /* ContentView.swift */ = {isa = PBXFileReference; lastKnownFileType = sourcecode.swift; path = ContentView.swift; sourceTree = "<group>"; };
		6EACC72126097726009D2067 /* Assets.xcassets */ = {isa = PBXFileReference; lastKnownFileType = folder.assetcatalog; path = Assets.xcassets; sourceTree = "<group>"; };
		6EACC72426097726009D2067 /* Preview Assets.xcassets */ = {isa = PBXFileReference; lastKnownFileType = folder.assetcatalog; path = "Preview Assets.xcassets"; sourceTree = "<group>"; };
		6EACC72626097726009D2067 /* Info.plist */ = {isa = PBXFileReference; lastKnownFileType = text.plist.xml; path = Info.plist; sourceTree = "<group>"; };
		6EACC72B26097727009D2067 /* BaristaBrosiOSTests.xctest */ = {isa = PBXFileReference; explicitFileType = wrapper.cfbundle; includeInIndex = 0; path = BaristaBrosiOSTests.xctest; sourceTree = BUILT_PRODUCTS_DIR; };
		6EACC72F26097727009D2067 /* BaristaBrosiOSTests.swift */ = {isa = PBXFileReference; lastKnownFileType = sourcecode.swift; path = BaristaBrosiOSTests.swift; sourceTree = "<group>"; };
		6EACC73126097727009D2067 /* Info.plist */ = {isa = PBXFileReference; lastKnownFileType = text.plist.xml; path = Info.plist; sourceTree = "<group>"; };
		6EACC73626097727009D2067 /* BaristaBrosiOSUITests.xctest */ = {isa = PBXFileReference; explicitFileType = wrapper.cfbundle; includeInIndex = 0; path = BaristaBrosiOSUITests.xctest; sourceTree = BUILT_PRODUCTS_DIR; };
		6EACC73A26097727009D2067 /* BaristaBrosiOSUITests.swift */ = {isa = PBXFileReference; lastKnownFileType = sourcecode.swift; path = BaristaBrosiOSUITests.swift; sourceTree = "<group>"; };
		6EACC73C26097727009D2067 /* Info.plist */ = {isa = PBXFileReference; lastKnownFileType = text.plist.xml; path = Info.plist; sourceTree = "<group>"; };
		76288F90260B93BD00E97A87 /* Model.xcdatamodel */ = {isa = PBXFileReference; lastKnownFileType = wrapper.xcdatamodel; path = Model.xcdatamodel; sourceTree = "<group>"; };
/* End PBXFileReference section */

/* Begin PBXFrameworksBuildPhase section */
		6EACC7172609771F009D2067 /* Frameworks */ = {
			isa = PBXFrameworksBuildPhase;
			buildActionMask = 2147483647;
			files = (
			);
			runOnlyForDeploymentPostprocessing = 0;
		};
		6EACC72826097727009D2067 /* Frameworks */ = {
			isa = PBXFrameworksBuildPhase;
			buildActionMask = 2147483647;
			files = (
			);
			runOnlyForDeploymentPostprocessing = 0;
		};
		6EACC73326097727009D2067 /* Frameworks */ = {
			isa = PBXFrameworksBuildPhase;
			buildActionMask = 2147483647;
			files = (
			);
			runOnlyForDeploymentPostprocessing = 0;
		};
/* End PBXFrameworksBuildPhase section */

/* Begin PBXGroup section */
		6E7E6C3F260BE40A0067C094 /* Views */ = {
			isa = PBXGroup;
			children = (
				6EACC71F2609771F009D2067 /* ContentView.swift */,
				6E7E6C3A260BE35B0067C094 /* LoginView.swift */,
				6E7E6C32260BC4010067C094 /* SignupView.swift */,
			);
			path = Views;
			sourceTree = "<group>";
		};
		6EACC7112609771F009D2067 = {
			isa = PBXGroup;
			children = (
				6EACC71C2609771F009D2067 /* BaristaBrosiOS */,
				6EACC72E26097727009D2067 /* BaristaBrosiOSTests */,
				6EACC73926097727009D2067 /* BaristaBrosiOSUITests */,
				6EACC71B2609771F009D2067 /* Products */,
			);
			sourceTree = "<group>";
		};
		6EACC71B2609771F009D2067 /* Products */ = {
			isa = PBXGroup;
			children = (
				6EACC71A2609771F009D2067 /* BaristaBrosiOS.app */,
				6EACC72B26097727009D2067 /* BaristaBrosiOSTests.xctest */,
				6EACC73626097727009D2067 /* BaristaBrosiOSUITests.xctest */,
			);
			name = Products;
			sourceTree = "<group>";
		};
		6EACC71C2609771F009D2067 /* BaristaBrosiOS */ = {
			isa = PBXGroup;
			children = (
				6EACC71D2609771F009D2067 /* BaristaBrosiOSApp.swift */,
				6E7E6C3F260BE40A0067C094 /* Views */,
				6EACC72126097726009D2067 /* Assets.xcassets */,
				6EACC72626097726009D2067 /* Info.plist */,
				6EACC72326097726009D2067 /* Preview Content */,
				76288F8F260B93BD00E97A87 /* Model.xcdatamodeld */,
			);
			path = BaristaBrosiOS;
			sourceTree = "<group>";
		};
		6EACC72326097726009D2067 /* Preview Content */ = {
			isa = PBXGroup;
			children = (
				6EACC72426097726009D2067 /* Preview Assets.xcassets */,
			);
			path = "Preview Content";
			sourceTree = "<group>";
		};
		6EACC72E26097727009D2067 /* BaristaBrosiOSTests */ = {
			isa = PBXGroup;
			children = (
				6EACC72F26097727009D2067 /* BaristaBrosiOSTests.swift */,
				6EACC73126097727009D2067 /* Info.plist */,
			);
			path = BaristaBrosiOSTests;
			sourceTree = "<group>";
		};
		6EACC73926097727009D2067 /* BaristaBrosiOSUITests */ = {
			isa = PBXGroup;
			children = (
				6EACC73A26097727009D2067 /* BaristaBrosiOSUITests.swift */,
				6EACC73C26097727009D2067 /* Info.plist */,
			);
			path = BaristaBrosiOSUITests;
			sourceTree = "<group>";
		};
/* End PBXGroup section */

/* Begin PBXNativeTarget section */
		6EACC7192609771F009D2067 /* BaristaBrosiOS */ = {
			isa = PBXNativeTarget;
			buildConfigurationList = 6EACC73F26097727009D2067 /* Build configuration list for PBXNativeTarget "BaristaBrosiOS" */;
			buildPhases = (
				6EACC7162609771F009D2067 /* Sources */,
				6EACC7172609771F009D2067 /* Frameworks */,
				6EACC7182609771F009D2067 /* Resources */,
			);
			buildRules = (
			);
			dependencies = (
			);
			name = BaristaBrosiOS;
			productName = BaristaBrosiOS;
			productReference = 6EACC71A2609771F009D2067 /* BaristaBrosiOS.app */;
			productType = "com.apple.product-type.application";
		};
		6EACC72A26097727009D2067 /* BaristaBrosiOSTests */ = {
			isa = PBXNativeTarget;
			buildConfigurationList = 6EACC74226097727009D2067 /* Build configuration list for PBXNativeTarget "BaristaBrosiOSTests" */;
			buildPhases = (
				6EACC72726097727009D2067 /* Sources */,
				6EACC72826097727009D2067 /* Frameworks */,
				6EACC72926097727009D2067 /* Resources */,
			);
			buildRules = (
			);
			dependencies = (
				6EACC72D26097727009D2067 /* PBXTargetDependency */,
			);
			name = BaristaBrosiOSTests;
			productName = BaristaBrosiOSTests;
			productReference = 6EACC72B26097727009D2067 /* BaristaBrosiOSTests.xctest */;
			productType = "com.apple.product-type.bundle.unit-test";
		};
		6EACC73526097727009D2067 /* BaristaBrosiOSUITests */ = {
			isa = PBXNativeTarget;
			buildConfigurationList = 6EACC74526097727009D2067 /* Build configuration list for PBXNativeTarget "BaristaBrosiOSUITests" */;
			buildPhases = (
				6EACC73226097727009D2067 /* Sources */,
				6EACC73326097727009D2067 /* Frameworks */,
				6EACC73426097727009D2067 /* Resources */,
			);
			buildRules = (
			);
			dependencies = (
				6EACC73826097727009D2067 /* PBXTargetDependency */,
			);
			name = BaristaBrosiOSUITests;
			productName = BaristaBrosiOSUITests;
			productReference = 6EACC73626097727009D2067 /* BaristaBrosiOSUITests.xctest */;
			productType = "com.apple.product-type.bundle.ui-testing";
		};
/* End PBXNativeTarget section */

/* Begin PBXProject section */
		6EACC7122609771F009D2067 /* Project object */ = {
			isa = PBXProject;
			attributes = {
				LastSwiftUpdateCheck = 1240;
				LastUpgradeCheck = 1240;
				TargetAttributes = {
					6EACC7192609771F009D2067 = {
						CreatedOnToolsVersion = 12.4;
					};
					6EACC72A26097727009D2067 = {
						CreatedOnToolsVersion = 12.4;
						TestTargetID = 6EACC7192609771F009D2067;
					};
					6EACC73526097727009D2067 = {
						CreatedOnToolsVersion = 12.4;
						TestTargetID = 6EACC7192609771F009D2067;
					};
				};
			};
			buildConfigurationList = 6EACC7152609771F009D2067 /* Build configuration list for PBXProject "BaristaBrosiOS" */;
			compatibilityVersion = "Xcode 9.3";
			developmentRegion = en;
			hasScannedForEncodings = 0;
			knownRegions = (
				en,
				Base,
			);
			mainGroup = 6EACC7112609771F009D2067;
			productRefGroup = 6EACC71B2609771F009D2067 /* Products */;
			projectDirPath = "";
			projectRoot = "";
			targets = (
				6EACC7192609771F009D2067 /* BaristaBrosiOS */,
				6EACC72A26097727009D2067 /* BaristaBrosiOSTests */,
				6EACC73526097727009D2067 /* BaristaBrosiOSUITests */,
			);
		};
/* End PBXProject section */

/* Begin PBXResourcesBuildPhase section */
		6EACC7182609771F009D2067 /* Resources */ = {
			isa = PBXResourcesBuildPhase;
			buildActionMask = 2147483647;
			files = (
				6EACC72526097726009D2067 /* Preview Assets.xcassets in Resources */,
				6EACC72226097726009D2067 /* Assets.xcassets in Resources */,
			);
			runOnlyForDeploymentPostprocessing = 0;
		};
		6EACC72926097727009D2067 /* Resources */ = {
			isa = PBXResourcesBuildPhase;
			buildActionMask = 2147483647;
			files = (
			);
			runOnlyForDeploymentPostprocessing = 0;
		};
		6EACC73426097727009D2067 /* Resources */ = {
			isa = PBXResourcesBuildPhase;
			buildActionMask = 2147483647;
			files = (
			);
			runOnlyForDeploymentPostprocessing = 0;
		};
/* End PBXResourcesBuildPhase section */

/* Begin PBXSourcesBuildPhase section */
		6EACC7162609771F009D2067 /* Sources */ = {
			isa = PBXSourcesBuildPhase;
			buildActionMask = 2147483647;
			files = (
				6EACC7202609771F009D2067 /* ContentView.swift in Sources */,
				6E7E6C33260BC4010067C094 /* SignupView.swift in Sources */,
				6EACC71E2609771F009D2067 /* BaristaBrosiOSApp.swift in Sources */,
				6E7E6C3B260BE35B0067C094 /* LoginView.swift in Sources */,
				76288F91260B93BD00E97A87 /* Model.xcdatamodeld in Sources */,
			);
			runOnlyForDeploymentPostprocessing = 0;
		};
		6EACC72726097727009D2067 /* Sources */ = {
			isa = PBXSourcesBuildPhase;
			buildActionMask = 2147483647;
			files = (
				6EACC73026097727009D2067 /* BaristaBrosiOSTests.swift in Sources */,
			);
			runOnlyForDeploymentPostprocessing = 0;
		};
		6EACC73226097727009D2067 /* Sources */ = {
			isa = PBXSourcesBuildPhase;
			buildActionMask = 2147483647;
			files = (
				6EACC73B26097727009D2067 /* BaristaBrosiOSUITests.swift in Sources */,
			);
			runOnlyForDeploymentPostprocessing = 0;
		};
/* End PBXSourcesBuildPhase section */

/* Begin PBXTargetDependency section */
		6EACC72D26097727009D2067 /* PBXTargetDependency */ = {
			isa = PBXTargetDependency;
			target = 6EACC7192609771F009D2067 /* BaristaBrosiOS */;
			targetProxy = 6EACC72C26097727009D2067 /* PBXContainerItemProxy */;
		};
		6EACC73826097727009D2067 /* PBXTargetDependency */ = {
			isa = PBXTargetDependency;
			target = 6EACC7192609771F009D2067 /* BaristaBrosiOS */;
			targetProxy = 6EACC73726097727009D2067 /* PBXContainerItemProxy */;
		};
/* End PBXTargetDependency section */

/* Begin XCBuildConfiguration section */
		6EACC73D26097727009D2067 /* Debug */ = {
			isa = XCBuildConfiguration;
			buildSettings = {
				ALWAYS_SEARCH_USER_PATHS = NO;
				CLANG_ANALYZER_NONNULL = YES;
				CLANG_ANALYZER_NUMBER_OBJECT_CONVERSION = YES_AGGRESSIVE;
				CLANG_CXX_LANGUAGE_STANDARD = "gnu++14";
				CLANG_CXX_LIBRARY = "libc++";
				CLANG_ENABLE_MODULES = YES;
				CLANG_ENABLE_OBJC_ARC = YES;
				CLANG_ENABLE_OBJC_WEAK = YES;
				CLANG_WARN_BLOCK_CAPTURE_AUTORELEASING = YES;
				CLANG_WARN_BOOL_CONVERSION = YES;
				CLANG_WARN_COMMA = YES;
				CLANG_WARN_CONSTANT_CONVERSION = YES;
				CLANG_WARN_DEPRECATED_OBJC_IMPLEMENTATIONS = YES;
				CLANG_WARN_DIRECT_OBJC_ISA_USAGE = YES_ERROR;
				CLANG_WARN_DOCUMENTATION_COMMENTS = YES;
				CLANG_WARN_EMPTY_BODY = YES;
				CLANG_WARN_ENUM_CONVERSION = YES;
				CLANG_WARN_INFINITE_RECURSION = YES;
				CLANG_WARN_INT_CONVERSION = YES;
				CLANG_WARN_NON_LITERAL_NULL_CONVERSION = YES;
				CLANG_WARN_OBJC_IMPLICIT_RETAIN_SELF = YES;
				CLANG_WARN_OBJC_LITERAL_CONVERSION = YES;
				CLANG_WARN_OBJC_ROOT_CLASS = YES_ERROR;
				CLANG_WARN_QUOTED_INCLUDE_IN_FRAMEWORK_HEADER = YES;
				CLANG_WARN_RANGE_LOOP_ANALYSIS = YES;
				CLANG_WARN_STRICT_PROTOTYPES = YES;
				CLANG_WARN_SUSPICIOUS_MOVE = YES;
				CLANG_WARN_UNGUARDED_AVAILABILITY = YES_AGGRESSIVE;
				CLANG_WARN_UNREACHABLE_CODE = YES;
				CLANG_WARN__DUPLICATE_METHOD_MATCH = YES;
				COPY_PHASE_STRIP = NO;
				DEBUG_INFORMATION_FORMAT = dwarf;
				ENABLE_STRICT_OBJC_MSGSEND = YES;
				ENABLE_TESTABILITY = YES;
				GCC_C_LANGUAGE_STANDARD = gnu11;
				GCC_DYNAMIC_NO_PIC = NO;
				GCC_NO_COMMON_BLOCKS = YES;
				GCC_OPTIMIZATION_LEVEL = 0;
				GCC_PREPROCESSOR_DEFINITIONS = (
					"DEBUG=1",
					"$(inherited)",
				);
				GCC_WARN_64_TO_32_BIT_CONVERSION = YES;
				GCC_WARN_ABOUT_RETURN_TYPE = YES_ERROR;
				GCC_WARN_UNDECLARED_SELECTOR = YES;
				GCC_WARN_UNINITIALIZED_AUTOS = YES_AGGRESSIVE;
				GCC_WARN_UNUSED_FUNCTION = YES;
				GCC_WARN_UNUSED_VARIABLE = YES;
				IPHONEOS_DEPLOYMENT_TARGET = 14.4;
				MTL_ENABLE_DEBUG_INFO = INCLUDE_SOURCE;
				MTL_FAST_MATH = YES;
				ONLY_ACTIVE_ARCH = YES;
				SDKROOT = iphoneos;
				SWIFT_ACTIVE_COMPILATION_CONDITIONS = DEBUG;
				SWIFT_OPTIMIZATION_LEVEL = "-Onone";
			};
			name = Debug;
		};
		6EACC73E26097727009D2067 /* Release */ = {
			isa = XCBuildConfiguration;
			buildSettings = {
				ALWAYS_SEARCH_USER_PATHS = NO;
				CLANG_ANALYZER_NONNULL = YES;
				CLANG_ANALYZER_NUMBER_OBJECT_CONVERSION = YES_AGGRESSIVE;
				CLANG_CXX_LANGUAGE_STANDARD = "gnu++14";
				CLANG_CXX_LIBRARY = "libc++";
				CLANG_ENABLE_MODULES = YES;
				CLANG_ENABLE_OBJC_ARC = YES;
				CLANG_ENABLE_OBJC_WEAK = YES;
				CLANG_WARN_BLOCK_CAPTURE_AUTORELEASING = YES;
				CLANG_WARN_BOOL_CONVERSION = YES;
				CLANG_WARN_COMMA = YES;
				CLANG_WARN_CONSTANT_CONVERSION = YES;
				CLANG_WARN_DEPRECATED_OBJC_IMPLEMENTATIONS = YES;
				CLANG_WARN_DIRECT_OBJC_ISA_USAGE = YES_ERROR;
				CLANG_WARN_DOCUMENTATION_COMMENTS = YES;
				CLANG_WARN_EMPTY_BODY = YES;
				CLANG_WARN_ENUM_CONVERSION = YES;
				CLANG_WARN_INFINITE_RECURSION = YES;
				CLANG_WARN_INT_CONVERSION = YES;
				CLANG_WARN_NON_LITERAL_NULL_CONVERSION = YES;
				CLANG_WARN_OBJC_IMPLICIT_RETAIN_SELF = YES;
				CLANG_WARN_OBJC_LITERAL_CONVERSION = YES;
				CLANG_WARN_OBJC_ROOT_CLASS = YES_ERROR;
				CLANG_WARN_QUOTED_INCLUDE_IN_FRAMEWORK_HEADER = YES;
				CLANG_WARN_RANGE_LOOP_ANALYSIS = YES;
				CLANG_WARN_STRICT_PROTOTYPES = YES;
				CLANG_WARN_SUSPICIOUS_MOVE = YES;
				CLANG_WARN_UNGUARDED_AVAILABILITY = YES_AGGRESSIVE;
				CLANG_WARN_UNREACHABLE_CODE = YES;
				CLANG_WARN__DUPLICATE_METHOD_MATCH = YES;
				COPY_PHASE_STRIP = NO;
				DEBUG_INFORMATION_FORMAT = "dwarf-with-dsym";
				ENABLE_NS_ASSERTIONS = NO;
				ENABLE_STRICT_OBJC_MSGSEND = YES;
				GCC_C_LANGUAGE_STANDARD = gnu11;
				GCC_NO_COMMON_BLOCKS = YES;
				GCC_WARN_64_TO_32_BIT_CONVERSION = YES;
				GCC_WARN_ABOUT_RETURN_TYPE = YES_ERROR;
				GCC_WARN_UNDECLARED_SELECTOR = YES;
				GCC_WARN_UNINITIALIZED_AUTOS = YES_AGGRESSIVE;
				GCC_WARN_UNUSED_FUNCTION = YES;
				GCC_WARN_UNUSED_VARIABLE = YES;
				IPHONEOS_DEPLOYMENT_TARGET = 14.4;
				MTL_ENABLE_DEBUG_INFO = NO;
				MTL_FAST_MATH = YES;
				SDKROOT = iphoneos;
				SWIFT_COMPILATION_MODE = wholemodule;
				SWIFT_OPTIMIZATION_LEVEL = "-O";
				VALIDATE_PRODUCT = YES;
			};
			name = Release;
		};
		6EACC74026097727009D2067 /* Debug */ = {
			isa = XCBuildConfiguration;
			buildSettings = {
				ASSETCATALOG_COMPILER_APPICON_NAME = AppIcon;
				ASSETCATALOG_COMPILER_GLOBAL_ACCENT_COLOR_NAME = AccentColor;
				CODE_SIGN_STYLE = Automatic;
				DEVELOPMENT_ASSET_PATHS = "\"BaristaBrosiOS/Preview Content\"";
				DEVELOPMENT_TEAM = N4US8VAZG2;
				ENABLE_PREVIEWS = YES;
				INFOPLIST_FILE = BaristaBrosiOS/Info.plist;
				IPHONEOS_DEPLOYMENT_TARGET = 14.0;
				LD_RUNPATH_SEARCH_PATHS = (
					"$(inherited)",
					"@executable_path/Frameworks",
				);
				PRODUCT_BUNDLE_IDENTIFIER = com.example.BaristaBrosiOS;
				PRODUCT_NAME = "$(TARGET_NAME)";
				SWIFT_VERSION = 5.0;
				TARGETED_DEVICE_FAMILY = "1,2";
			};
			name = Debug;
		};
		6EACC74126097727009D2067 /* Release */ = {
			isa = XCBuildConfiguration;
			buildSettings = {
				ASSETCATALOG_COMPILER_APPICON_NAME = AppIcon;
				ASSETCATALOG_COMPILER_GLOBAL_ACCENT_COLOR_NAME = AccentColor;
				CODE_SIGN_STYLE = Automatic;
				DEVELOPMENT_ASSET_PATHS = "\"BaristaBrosiOS/Preview Content\"";
				DEVELOPMENT_TEAM = N4US8VAZG2;
				ENABLE_PREVIEWS = YES;
				INFOPLIST_FILE = BaristaBrosiOS/Info.plist;
				IPHONEOS_DEPLOYMENT_TARGET = 14.0;
				LD_RUNPATH_SEARCH_PATHS = (
					"$(inherited)",
					"@executable_path/Frameworks",
				);
				PRODUCT_BUNDLE_IDENTIFIER = com.example.BaristaBrosiOS;
				PRODUCT_NAME = "$(TARGET_NAME)";
				SWIFT_VERSION = 5.0;
				TARGETED_DEVICE_FAMILY = "1,2";
			};
			name = Release;
		};
		6EACC74326097727009D2067 /* Debug */ = {
			isa = XCBuildConfiguration;
			buildSettings = {
				ALWAYS_EMBED_SWIFT_STANDARD_LIBRARIES = YES;
				BUNDLE_LOADER = "$(TEST_HOST)";
				CODE_SIGN_STYLE = Automatic;
				DEVELOPMENT_TEAM = N4US8VAZG2;
				INFOPLIST_FILE = BaristaBrosiOSTests/Info.plist;
				IPHONEOS_DEPLOYMENT_TARGET = 14.0;
				LD_RUNPATH_SEARCH_PATHS = (
					"$(inherited)",
					"@executable_path/Frameworks",
					"@loader_path/Frameworks",
				);
				PRODUCT_BUNDLE_IDENTIFIER = com.example.BaristaBrosiOSTests;
				PRODUCT_NAME = "$(TARGET_NAME)";
				SWIFT_VERSION = 5.0;
				TARGETED_DEVICE_FAMILY = "1,2";
				TEST_HOST = "$(BUILT_PRODUCTS_DIR)/BaristaBrosiOS.app/BaristaBrosiOS";
			};
			name = Debug;
		};
		6EACC74426097727009D2067 /* Release */ = {
			isa = XCBuildConfiguration;
			buildSettings = {
				ALWAYS_EMBED_SWIFT_STANDARD_LIBRARIES = YES;
				BUNDLE_LOADER = "$(TEST_HOST)";
				CODE_SIGN_STYLE = Automatic;
				DEVELOPMENT_TEAM = N4US8VAZG2;
				INFOPLIST_FILE = BaristaBrosiOSTests/Info.plist;
				IPHONEOS_DEPLOYMENT_TARGET = 14.0;
				LD_RUNPATH_SEARCH_PATHS = (
					"$(inherited)",
					"@executable_path/Frameworks",
					"@loader_path/Frameworks",
				);
				PRODUCT_BUNDLE_IDENTIFIER = com.example.BaristaBrosiOSTests;
				PRODUCT_NAME = "$(TARGET_NAME)";
				SWIFT_VERSION = 5.0;
				TARGETED_DEVICE_FAMILY = "1,2";
				TEST_HOST = "$(BUILT_PRODUCTS_DIR)/BaristaBrosiOS.app/BaristaBrosiOS";
			};
			name = Release;
		};
		6EACC74626097727009D2067 /* Debug */ = {
			isa = XCBuildConfiguration;
			buildSettings = {
				ALWAYS_EMBED_SWIFT_STANDARD_LIBRARIES = YES;
				CODE_SIGN_STYLE = Automatic;
				DEVELOPMENT_TEAM = N4US8VAZG2;
				INFOPLIST_FILE = BaristaBrosiOSUITests/Info.plist;
				LD_RUNPATH_SEARCH_PATHS = (
					"$(inherited)",
					"@executable_path/Frameworks",
					"@loader_path/Frameworks",
				);
				PRODUCT_BUNDLE_IDENTIFIER = com.example.BaristaBrosiOSUITests;
				PRODUCT_NAME = "$(TARGET_NAME)";
				SWIFT_VERSION = 5.0;
				TARGETED_DEVICE_FAMILY = "1,2";
				TEST_TARGET_NAME = BaristaBrosiOS;
			};
			name = Debug;
		};
		6EACC74726097727009D2067 /* Release */ = {
			isa = XCBuildConfiguration;
			buildSettings = {
				ALWAYS_EMBED_SWIFT_STANDARD_LIBRARIES = YES;
				CODE_SIGN_STYLE = Automatic;
				DEVELOPMENT_TEAM = N4US8VAZG2;
				INFOPLIST_FILE = BaristaBrosiOSUITests/Info.plist;
				LD_RUNPATH_SEARCH_PATHS = (
					"$(inherited)",
					"@executable_path/Frameworks",
					"@loader_path/Frameworks",
				);
				PRODUCT_BUNDLE_IDENTIFIER = com.example.BaristaBrosiOSUITests;
				PRODUCT_NAME = "$(TARGET_NAME)";
				SWIFT_VERSION = 5.0;
				TARGETED_DEVICE_FAMILY = "1,2";
				TEST_TARGET_NAME = BaristaBrosiOS;
			};
			name = Release;
		};
/* End XCBuildConfiguration section */

/* Begin XCConfigurationList section */
		6EACC7152609771F009D2067 /* Build configuration list for PBXProject "BaristaBrosiOS" */ = {
			isa = XCConfigurationList;
			buildConfigurations = (
				6EACC73D26097727009D2067 /* Debug */,
				6EACC73E26097727009D2067 /* Release */,
			);
			defaultConfigurationIsVisible = 0;
			defaultConfigurationName = Release;
		};
		6EACC73F26097727009D2067 /* Build configuration list for PBXNativeTarget "BaristaBrosiOS" */ = {
			isa = XCConfigurationList;
			buildConfigurations = (
				6EACC74026097727009D2067 /* Debug */,
				6EACC74126097727009D2067 /* Release */,
			);
			defaultConfigurationIsVisible = 0;
			defaultConfigurationName = Release;
		};
		6EACC74226097727009D2067 /* Build configuration list for PBXNativeTarget "BaristaBrosiOSTests" */ = {
			isa = XCConfigurationList;
			buildConfigurations = (
				6EACC74326097727009D2067 /* Debug */,
				6EACC74426097727009D2067 /* Release */,
			);
			defaultConfigurationIsVisible = 0;
			defaultConfigurationName = Release;
		};
		6EACC74526097727009D2067 /* Build configuration list for PBXNativeTarget "BaristaBrosiOSUITests" */ = {
			isa = XCConfigurationList;
			buildConfigurations = (
				6EACC74626097727009D2067 /* Debug */,
				6EACC74726097727009D2067 /* Release */,
			);
			defaultConfigurationIsVisible = 0;
			defaultConfigurationName = Release;
		};
/* End XCConfigurationList section */

/* Begin XCVersionGroup section */
		76288F8F260B93BD00E97A87 /* Model.xcdatamodeld */ = {
			isa = XCVersionGroup;
			children = (
				76288F90260B93BD00E97A87 /* Model.xcdatamodel */,
			);
			currentVersion = 76288F90260B93BD00E97A87 /* Model.xcdatamodel */;
			path = Model.xcdatamodeld;
			sourceTree = "<group>";
			versionGroupType = wrapper.xcdatamodel;
		};
/* End XCVersionGroup section */
	};
	rootObject = 6EACC7122609771F009D2067 /* Project object */;
}
